// !$*UTF8*$!
{
	archiveVersion = 1;
	classes = {
	};
	objectVersion = 56;
	objects = {

/* Begin PBXBuildFile section */
		5471B9F32B13AA4B00E33D0E /* MapViewState.swift in Sources */ = {isa = PBXBuildFile; fileRef = 5471B9F22B13AA4B00E33D0E /* MapViewState.swift */; };
		CA0F76EC2AAED60200FE1EAC /* LocationSearchActivationView.swift in Sources */ = {isa = PBXBuildFile; fileRef = CA0F76EB2AAED60200FE1EAC /* LocationSearchActivationView.swift */; };
		CA0F76F02AAED9B800FE1EAC /* MapViewActionButton.swift in Sources */ = {isa = PBXBuildFile; fileRef = CA0F76EF2AAED9B800FE1EAC /* MapViewActionButton.swift */; };
		CA0F76F22AAEDB5F00FE1EAC /* LocationSearchView.swift in Sources */ = {isa = PBXBuildFile; fileRef = CA0F76F12AAEDB5F00FE1EAC /* LocationSearchView.swift */; };
		CA0F76F42AAEDFAB00FE1EAC /* LocationSearchResultCell.swift in Sources */ = {isa = PBXBuildFile; fileRef = CA0F76F32AAEDFAB00FE1EAC /* LocationSearchResultCell.swift */; };
		CA7EA9552AB4CBB300CCF19F /* LocationSearchViewModel.swift in Sources */ = {isa = PBXBuildFile; fileRef = CA7EA9542AB4CBB300CCF19F /* LocationSearchViewModel.swift */; };
		CAEF61B72AA9135D006BC778 /* CSCI6212_ProjectApp.swift in Sources */ = {isa = PBXBuildFile; fileRef = CAEF61B62AA9135D006BC778 /* CSCI6212_ProjectApp.swift */; };
		CAEF61BB2AA9135E006BC778 /* Assets.xcassets in Resources */ = {isa = PBXBuildFile; fileRef = CAEF61BA2AA9135E006BC778 /* Assets.xcassets */; };
		CAEF61BE2AA9135E006BC778 /* Preview Assets.xcassets in Resources */ = {isa = PBXBuildFile; fileRef = CAEF61BD2AA9135E006BC778 /* Preview Assets.xcassets */; };
		CAEF61D22AA91511006BC778 /* HomeView.swift in Sources */ = {isa = PBXBuildFile; fileRef = CAEF61D12AA91511006BC778 /* HomeView.swift */; };
		CAEF61D42AA915E2006BC778 /* UberMapViewRepresentable.swift in Sources */ = {isa = PBXBuildFile; fileRef = CAEF61D32AA915E2006BC778 /* UberMapViewRepresentable.swift */; };
		CAEF61D82AA91942006BC778 /* LocationManager.swift in Sources */ = {isa = PBXBuildFile; fileRef = CAEF61D72AA91942006BC778 /* LocationManager.swift */; };
/* End PBXBuildFile section */

/* Begin PBXFileReference section */
		5471B9F22B13AA4B00E33D0E /* MapViewState.swift */ = {isa = PBXFileReference; lastKnownFileType = sourcecode.swift; name = MapViewState.swift; path = CSCI6212_Project/MapViewState.swift; sourceTree = SOURCE_ROOT; };
		CA0F76EB2AAED60200FE1EAC /* LocationSearchActivationView.swift */ = {isa = PBXFileReference; lastKnownFileType = sourcecode.swift; path = LocationSearchActivationView.swift; sourceTree = "<group>"; };
		CA0F76EF2AAED9B800FE1EAC /* MapViewActionButton.swift */ = {isa = PBXFileReference; lastKnownFileType = sourcecode.swift; path = MapViewActionButton.swift; sourceTree = "<group>"; };
		CA0F76F12AAEDB5F00FE1EAC /* LocationSearchView.swift */ = {isa = PBXFileReference; lastKnownFileType = sourcecode.swift; path = LocationSearchView.swift; sourceTree = "<group>"; };
		CA0F76F32AAEDFAB00FE1EAC /* LocationSearchResultCell.swift */ = {isa = PBXFileReference; lastKnownFileType = sourcecode.swift; path = LocationSearchResultCell.swift; sourceTree = "<group>"; };
		CA7EA9542AB4CBB300CCF19F /* LocationSearchViewModel.swift */ = {isa = PBXFileReference; fileEncoding = 4; lastKnownFileType = sourcecode.swift; path = LocationSearchViewModel.swift; sourceTree = "<group>"; };
		CAEF61B32AA9135D006BC778 /* CSCI6212_Project.app */ = {isa = PBXFileReference; explicitFileType = wrapper.application; includeInIndex = 0; path = CSCI6212_Project.app; sourceTree = BUILT_PRODUCTS_DIR; };
		CAEF61B62AA9135D006BC778 /* CSCI6212_ProjectApp.swift */ = {isa = PBXFileReference; lastKnownFileType = sourcecode.swift; path = CSCI6212_ProjectApp.swift; sourceTree = "<group>"; };
		CAEF61BA2AA9135E006BC778 /* Assets.xcassets */ = {isa = PBXFileReference; lastKnownFileType = folder.assetcatalog; path = Assets.xcassets; sourceTree = "<group>"; };
		CAEF61BD2AA9135E006BC778 /* Preview Assets.xcassets */ = {isa = PBXFileReference; lastKnownFileType = folder.assetcatalog; path = "Preview Assets.xcassets"; sourceTree = "<group>"; };
		CAEF61D12AA91511006BC778 /* HomeView.swift */ = {isa = PBXFileReference; lastKnownFileType = sourcecode.swift; path = HomeView.swift; sourceTree = "<group>"; };
		CAEF61D32AA915E2006BC778 /* UberMapViewRepresentable.swift */ = {isa = PBXFileReference; lastKnownFileType = sourcecode.swift; path = UberMapViewRepresentable.swift; sourceTree = "<group>"; };
		CAEF61D72AA91942006BC778 /* LocationManager.swift */ = {isa = PBXFileReference; lastKnownFileType = sourcecode.swift; path = LocationManager.swift; sourceTree = "<group>"; };
/* End PBXFileReference section */

/* Begin PBXFrameworksBuildPhase section */
		CAEF61B02AA9135D006BC778 /* Frameworks */ = {
			isa = PBXFrameworksBuildPhase;
			buildActionMask = 2147483647;
			files = (
			);
			runOnlyForDeploymentPostprocessing = 0;
		};
/* End PBXFrameworksBuildPhase section */

/* Begin PBXGroup section */
		CA0F76E92AAED5C500FE1EAC /* View */ = {
			isa = PBXGroup;
			children = (
				CA0F76EB2AAED60200FE1EAC /* LocationSearchActivationView.swift */,
				CA0F76F12AAEDB5F00FE1EAC /* LocationSearchView.swift */,
				CA0F76F32AAEDFAB00FE1EAC /* LocationSearchResultCell.swift */,
			);
			path = View;
			sourceTree = "<group>";
		};
		CA0F76EA2AAED5CD00FE1EAC /* ViewModel */ = {
			isa = PBXGroup;
			children = (
				CA7EA9542AB4CBB300CCF19F /* LocationSearchViewModel.swift */,
			);
			path = ViewModel;
			sourceTree = "<group>";
		};
		CAEF61AA2AA9135D006BC778 = {
			isa = PBXGroup;
			children = (
				CAEF61B52AA9135D006BC778 /* CSCI6212_Project */,
				CAEF61B42AA9135D006BC778 /* Products */,
			);
			sourceTree = "<group>";
		};
		CAEF61B42AA9135D006BC778 /* Products */ = {
			isa = PBXGroup;
			children = (
				CAEF61B32AA9135D006BC778 /* CSCI6212_Project.app */,
			);
			name = Products;
			sourceTree = "<group>";
		};
		CAEF61B52AA9135D006BC778 /* CSCI6212_Project */ = {
			isa = PBXGroup;
			children = (
				CAEF61C92AA913F5006BC778 /* app */,
				CAEF61CA2AA91423006BC778 /* core */,
				CAEF61CB2AA9142F006BC778 /* extensions */,
				CAEF61CC2AA91452006BC778 /* manangers */,
				CAEF61CD2AA9145C006BC778 /* models */,
				CAEF61BA2AA9135E006BC778 /* Assets.xcassets */,
				CAEF61BC2AA9135E006BC778 /* Preview Content */,
			);
			path = CSCI6212_Project;
			sourceTree = "<group>";
		};
		CAEF61BC2AA9135E006BC778 /* Preview Content */ = {
			isa = PBXGroup;
			children = (
				CAEF61BD2AA9135E006BC778 /* Preview Assets.xcassets */,
			);
			path = "Preview Content";
			sourceTree = "<group>";
		};
		CAEF61C92AA913F5006BC778 /* app */ = {
			isa = PBXGroup;
			children = (
				CAEF61B62AA9135D006BC778 /* CSCI6212_ProjectApp.swift */,
			);
			path = app;
			sourceTree = "<group>";
		};
		CAEF61CA2AA91423006BC778 /* core */ = {
			isa = PBXGroup;
			children = (
				CAEF61DA2AA93B70006BC778 /* LocationSearch */,
				CAEF61D92AA93B55006BC778 /* Home */,
			);
			path = core;
			sourceTree = "<group>";
		};
		CAEF61CB2AA9142F006BC778 /* extensions */ = {
			isa = PBXGroup;
			children = (
			);
			path = extensions;
			sourceTree = "<group>";
		};
		CAEF61CC2AA91452006BC778 /* manangers */ = {
			isa = PBXGroup;
			children = (
				CAEF61D72AA91942006BC778 /* LocationManager.swift */,
			);
			path = manangers;
			sourceTree = "<group>";
		};
		CAEF61CD2AA9145C006BC778 /* models */ = {
			isa = PBXGroup;
			children = (
				5471B9F22B13AA4B00E33D0E /* MapViewState.swift */,
			);
			path = models;
			sourceTree = "<group>";
		};
		CAEF61CF2AA9149B006BC778 /* viewModel */ = {
			isa = PBXGroup;
			children = (
			);
			path = viewModel;
			sourceTree = "<group>";
		};
		CAEF61D02AA914A4006BC778 /* views */ = {
			isa = PBXGroup;
			children = (
				CAEF61D12AA91511006BC778 /* HomeView.swift */,
				CAEF61D32AA915E2006BC778 /* UberMapViewRepresentable.swift */,
				CA0F76EF2AAED9B800FE1EAC /* MapViewActionButton.swift */,
			);
			path = views;
			sourceTree = "<group>";
		};
		CAEF61D92AA93B55006BC778 /* Home */ = {
			isa = PBXGroup;
			children = (
				CAEF61CF2AA9149B006BC778 /* viewModel */,
				CAEF61D02AA914A4006BC778 /* views */,
			);
			path = Home;
			sourceTree = "<group>";
		};
		CAEF61DA2AA93B70006BC778 /* LocationSearch */ = {
			isa = PBXGroup;
			children = (
				CA0F76EA2AAED5CD00FE1EAC /* ViewModel */,
				CA0F76E92AAED5C500FE1EAC /* View */,
			);
			path = LocationSearch;
			sourceTree = "<group>";
		};
/* End PBXGroup section */

/* Begin PBXNativeTarget section */
		CAEF61B22AA9135D006BC778 /* CSCI6212_Project */ = {
			isa = PBXNativeTarget;
			buildConfigurationList = CAEF61C12AA9135E006BC778 /* Build configuration list for PBXNativeTarget "CSCI6212_Project" */;
			buildPhases = (
				CAEF61AF2AA9135D006BC778 /* Sources */,
				CAEF61B02AA9135D006BC778 /* Frameworks */,
				CAEF61B12AA9135D006BC778 /* Resources */,
			);
			buildRules = (
			);
			dependencies = (
			);
			name = CSCI6212_Project;
			productName = CSCI6212_Project;
			productReference = CAEF61B32AA9135D006BC778 /* CSCI6212_Project.app */;
			productType = "com.apple.product-type.application";
		};
/* End PBXNativeTarget section */

/* Begin PBXProject section */
		CAEF61AB2AA9135D006BC778 /* Project object */ = {
			isa = PBXProject;
			attributes = {
				BuildIndependentTargetsInParallel = 1;
				LastSwiftUpdateCheck = 1430;
				LastUpgradeCheck = 1430;
				TargetAttributes = {
					CAEF61B22AA9135D006BC778 = {
						CreatedOnToolsVersion = 14.3.1;
					};
				};
			};
			buildConfigurationList = CAEF61AE2AA9135D006BC778 /* Build configuration list for PBXProject "CSCI6212_Project" */;
			compatibilityVersion = "Xcode 14.0";
			developmentRegion = en;
			hasScannedForEncodings = 0;
			knownRegions = (
				en,
				Base,
			);
			mainGroup = CAEF61AA2AA9135D006BC778;
			productRefGroup = CAEF61B42AA9135D006BC778 /* Products */;
			projectDirPath = "";
			projectRoot = "";
			targets = (
				CAEF61B22AA9135D006BC778 /* CSCI6212_Project */,
			);
		};
/* End PBXProject section */

/* Begin PBXResourcesBuildPhase section */
		CAEF61B12AA9135D006BC778 /* Resources */ = {
			isa = PBXResourcesBuildPhase;
			buildActionMask = 2147483647;
			files = (
				CAEF61BE2AA9135E006BC778 /* Preview Assets.xcassets in Resources */,
				CAEF61BB2AA9135E006BC778 /* Assets.xcassets in Resources */,
			);
			runOnlyForDeploymentPostprocessing = 0;
		};
/* End PBXResourcesBuildPhase section */

/* Begin PBXSourcesBuildPhase section */
		CAEF61AF2AA9135D006BC778 /* Sources */ = {
			isa = PBXSourcesBuildPhase;
			buildActionMask = 2147483647;
			files = (
				CA7EA9552AB4CBB300CCF19F /* LocationSearchViewModel.swift in Sources */,
				CA0F76F22AAEDB5F00FE1EAC /* LocationSearchView.swift in Sources */,
				CAEF61D82AA91942006BC778 /* LocationManager.swift in Sources */,
				5471B9F32B13AA4B00E33D0E /* MapViewState.swift in Sources */,
				CA0F76F02AAED9B800FE1EAC /* MapViewActionButton.swift in Sources */,
				CAEF61D22AA91511006BC778 /* HomeView.swift in Sources */,
				CAEF61D42AA915E2006BC778 /* UberMapViewRepresentable.swift in Sources */,
				CAEF61B72AA9135D006BC778 /* CSCI6212_ProjectApp.swift in Sources */,
				CA0F76EC2AAED60200FE1EAC /* LocationSearchActivationView.swift in Sources */,
				CA0F76F42AAEDFAB00FE1EAC /* LocationSearchResultCell.swift in Sources */,
			);
			runOnlyForDeploymentPostprocessing = 0;
		};
/* End PBXSourcesBuildPhase section */

/* Begin XCBuildConfiguration section */
		CAEF61BF2AA9135E006BC778 /* Debug */ = {
			isa = XCBuildConfiguration;
			buildSettings = {
				ALWAYS_SEARCH_USER_PATHS = NO;
				CLANG_ANALYZER_NONNULL = YES;
				CLANG_ANALYZER_NUMBER_OBJECT_CONVERSION = YES_AGGRESSIVE;
				CLANG_CXX_LANGUAGE_STANDARD = "gnu++20";
				CLANG_ENABLE_MODULES = YES;
				CLANG_ENABLE_OBJC_ARC = YES;
				CLANG_ENABLE_OBJC_WEAK = YES;
				CLANG_WARN_BLOCK_CAPTURE_AUTORELEASING = YES;
				CLANG_WARN_BOOL_CONVERSION = YES;
				CLANG_WARN_COMMA = YES;
				CLANG_WARN_CONSTANT_CONVERSION = YES;
				CLANG_WARN_DEPRECATED_OBJC_IMPLEMENTATIONS = YES;
				CLANG_WARN_DIRECT_OBJC_ISA_USAGE = YES_ERROR;
				CLANG_WARN_DOCUMENTATION_COMMENTS = YES;
				CLANG_WARN_EMPTY_BODY = YES;
				CLANG_WARN_ENUM_CONVERSION = YES;
				CLANG_WARN_INFINITE_RECURSION = YES;
				CLANG_WARN_INT_CONVERSION = YES;
				CLANG_WARN_NON_LITERAL_NULL_CONVERSION = YES;
				CLANG_WARN_OBJC_IMPLICIT_RETAIN_SELF = YES;
				CLANG_WARN_OBJC_LITERAL_CONVERSION = YES;
				CLANG_WARN_OBJC_ROOT_CLASS = YES_ERROR;
				CLANG_WARN_QUOTED_INCLUDE_IN_FRAMEWORK_HEADER = YES;
				CLANG_WARN_RANGE_LOOP_ANALYSIS = YES;
				CLANG_WARN_STRICT_PROTOTYPES = YES;
				CLANG_WARN_SUSPICIOUS_MOVE = YES;
				CLANG_WARN_UNGUARDED_AVAILABILITY = YES_AGGRESSIVE;
				CLANG_WARN_UNREACHABLE_CODE = YES;
				CLANG_WARN__DUPLICATE_METHOD_MATCH = YES;
				COPY_PHASE_STRIP = NO;
				DEBUG_INFORMATION_FORMAT = dwarf;
				ENABLE_STRICT_OBJC_MSGSEND = YES;
				ENABLE_TESTABILITY = YES;
				GCC_C_LANGUAGE_STANDARD = gnu11;
				GCC_DYNAMIC_NO_PIC = NO;
				GCC_NO_COMMON_BLOCKS = YES;
				GCC_OPTIMIZATION_LEVEL = 0;
				GCC_PREPROCESSOR_DEFINITIONS = (
					"DEBUG=1",
					"$(inherited)",
				);
				GCC_WARN_64_TO_32_BIT_CONVERSION = YES;
				GCC_WARN_ABOUT_RETURN_TYPE = YES_ERROR;
				GCC_WARN_UNDECLARED_SELECTOR = YES;
				GCC_WARN_UNINITIALIZED_AUTOS = YES_AGGRESSIVE;
				GCC_WARN_UNUSED_FUNCTION = YES;
				GCC_WARN_UNUSED_VARIABLE = YES;
				IPHONEOS_DEPLOYMENT_TARGET = 16.4;
				MTL_ENABLE_DEBUG_INFO = INCLUDE_SOURCE;
				MTL_FAST_MATH = YES;
				ONLY_ACTIVE_ARCH = YES;
				SDKROOT = iphoneos;
				SWIFT_ACTIVE_COMPILATION_CONDITIONS = DEBUG;
				SWIFT_OPTIMIZATION_LEVEL = "-Onone";
			};
			name = Debug;
		};
		CAEF61C02AA9135E006BC778 /* Release */ = {
			isa = XCBuildConfiguration;
			buildSettings = {
				ALWAYS_SEARCH_USER_PATHS = NO;
				CLANG_ANALYZER_NONNULL = YES;
				CLANG_ANALYZER_NUMBER_OBJECT_CONVERSION = YES_AGGRESSIVE;
				CLANG_CXX_LANGUAGE_STANDARD = "gnu++20";
				CLANG_ENABLE_MODULES = YES;
				CLANG_ENABLE_OBJC_ARC = YES;
				CLANG_ENABLE_OBJC_WEAK = YES;
				CLANG_WARN_BLOCK_CAPTURE_AUTORELEASING = YES;
				CLANG_WARN_BOOL_CONVERSION = YES;
				CLANG_WARN_COMMA = YES;
				CLANG_WARN_CONSTANT_CONVERSION = YES;
				CLANG_WARN_DEPRECATED_OBJC_IMPLEMENTATIONS = YES;
				CLANG_WARN_DIRECT_OBJC_ISA_USAGE = YES_ERROR;
				CLANG_WARN_DOCUMENTATION_COMMENTS = YES;
				CLANG_WARN_EMPTY_BODY = YES;
				CLANG_WARN_ENUM_CONVERSION = YES;
				CLANG_WARN_INFINITE_RECURSION = YES;
				CLANG_WARN_INT_CONVERSION = YES;
				CLANG_WARN_NON_LITERAL_NULL_CONVERSION = YES;
				CLANG_WARN_OBJC_IMPLICIT_RETAIN_SELF = YES;
				CLANG_WARN_OBJC_LITERAL_CONVERSION = YES;
				CLANG_WARN_OBJC_ROOT_CLASS = YES_ERROR;
				CLANG_WARN_QUOTED_INCLUDE_IN_FRAMEWORK_HEADER = YES;
				CLANG_WARN_RANGE_LOOP_ANALYSIS = YES;
				CLANG_WARN_STRICT_PROTOTYPES = YES;
				CLANG_WARN_SUSPICIOUS_MOVE = YES;
				CLANG_WARN_UNGUARDED_AVAILABILITY = YES_AGGRESSIVE;
				CLANG_WARN_UNREACHABLE_CODE = YES;
				CLANG_WARN__DUPLICATE_METHOD_MATCH = YES;
				COPY_PHASE_STRIP = NO;
				DEBUG_INFORMATION_FORMAT = "dwarf-with-dsym";
				ENABLE_NS_ASSERTIONS = NO;
				ENABLE_STRICT_OBJC_MSGSEND = YES;
				GCC_C_LANGUAGE_STANDARD = gnu11;
				GCC_NO_COMMON_BLOCKS = YES;
				GCC_WARN_64_TO_32_BIT_CONVERSION = YES;
				GCC_WARN_ABOUT_RETURN_TYPE = YES_ERROR;
				GCC_WARN_UNDECLARED_SELECTOR = YES;
				GCC_WARN_UNINITIALIZED_AUTOS = YES_AGGRESSIVE;
				GCC_WARN_UNUSED_FUNCTION = YES;
				GCC_WARN_UNUSED_VARIABLE = YES;
				IPHONEOS_DEPLOYMENT_TARGET = 16.4;
				MTL_ENABLE_DEBUG_INFO = NO;
				MTL_FAST_MATH = YES;
				SDKROOT = iphoneos;
				SWIFT_COMPILATION_MODE = wholemodule;
				SWIFT_OPTIMIZATION_LEVEL = "-O";
				VALIDATE_PRODUCT = YES;
			};
			name = Release;
		};
		CAEF61C22AA9135E006BC778 /* Debug */ = {
			isa = XCBuildConfiguration;
			buildSettings = {
				ASSETCATALOG_COMPILER_APPICON_NAME = AppIcon;
				ASSETCATALOG_COMPILER_GLOBAL_ACCENT_COLOR_NAME = AccentColor;
				CODE_SIGN_STYLE = Automatic;
				CURRENT_PROJECT_VERSION = 1;
				DEVELOPMENT_ASSET_PATHS = "\"CSCI6212_Project/Preview Content\"";
				DEVELOPMENT_TEAM = YHQDJ4SJJV;
				ENABLE_PREVIEWS = YES;
				GENERATE_INFOPLIST_FILE = YES;
				INFOPLIST_KEY_NSLocationWhenInUseUsageDescription = "Please allow us to access your location for the service. :-)";
				INFOPLIST_KEY_UIApplicationSceneManifest_Generation = YES;
				INFOPLIST_KEY_UIApplicationSupportsIndirectInputEvents = YES;
				INFOPLIST_KEY_UILaunchScreen_Generation = YES;
				INFOPLIST_KEY_UISupportedInterfaceOrientations_iPad = "UIInterfaceOrientationPortrait UIInterfaceOrientationPortraitUpsideDown UIInterfaceOrientationLandscapeLeft UIInterfaceOrientationLandscapeRight";
				INFOPLIST_KEY_UISupportedInterfaceOrientations_iPhone = "UIInterfaceOrientationPortrait UIInterfaceOrientationLandscapeLeft UIInterfaceOrientationLandscapeRight";
				IPHONEOS_DEPLOYMENT_TARGET = 16.0;
				LD_RUNPATH_SEARCH_PATHS = (
					"$(inherited)",
					"@executable_path/Frameworks",
				);
				MARKETING_VERSION = 1.0;
				PRODUCT_BUNDLE_IDENTIFIER = "com.Zuxuan.CSCI6212-Project";
				PRODUCT_NAME = "$(TARGET_NAME)";
				SWIFT_EMIT_LOC_STRINGS = YES;
				SWIFT_VERSION = 5.0;
				TARGETED_DEVICE_FAMILY = "1,2";
			};
			name = Debug;
		};
		CAEF61C32AA9135E006BC778 /* Release */ = {
			isa = XCBuildConfiguration;
			buildSettings = {
				ASSETCATALOG_COMPILER_APPICON_NAME = AppIcon;
				ASSETCATALOG_COMPILER_GLOBAL_ACCENT_COLOR_NAME = AccentColor;
				CODE_SIGN_STYLE = Automatic;
				CURRENT_PROJECT_VERSION = 1;
				DEVELOPMENT_ASSET_PATHS = "\"CSCI6212_Project/Preview Content\"";
				DEVELOPMENT_TEAM = YHQDJ4SJJV;
				ENABLE_PREVIEWS = YES;
				GENERATE_INFOPLIST_FILE = YES;
				INFOPLIST_KEY_NSLocationWhenInUseUsageDescription = "Please allow us to access your location for the service. :-)";
				INFOPLIST_KEY_UIApplicationSceneManifest_Generation = YES;
				INFOPLIST_KEY_UIApplicationSupportsIndirectInputEvents = YES;
				INFOPLIST_KEY_UILaunchScreen_Generation = YES;
				INFOPLIST_KEY_UISupportedInterfaceOrientations_iPad = "UIInterfaceOrientationPortrait UIInterfaceOrientationPortraitUpsideDown UIInterfaceOrientationLandscapeLeft UIInterfaceOrientationLandscapeRight";
				INFOPLIST_KEY_UISupportedInterfaceOrientations_iPhone = "UIInterfaceOrientationPortrait UIInterfaceOrientationLandscapeLeft UIInterfaceOrientationLandscapeRight";
				IPHONEOS_DEPLOYMENT_TARGET = 16.0;
				LD_RUNPATH_SEARCH_PATHS = (
					"$(inherited)",
					"@executable_path/Frameworks",
				);
				MARKETING_VERSION = 1.0;
				PRODUCT_BUNDLE_IDENTIFIER = "com.Zuxuan.CSCI6212-Project";
				PRODUCT_NAME = "$(TARGET_NAME)";
				SWIFT_EMIT_LOC_STRINGS = YES;
				SWIFT_VERSION = 5.0;
				TARGETED_DEVICE_FAMILY = "1,2";
			};
			name = Release;
		};
/* End XCBuildConfiguration section */

/* Begin XCConfigurationList section */
		CAEF61AE2AA9135D006BC778 /* Build configuration list for PBXProject "CSCI6212_Project" */ = {
			isa = XCConfigurationList;
			buildConfigurations = (
				CAEF61BF2AA9135E006BC778 /* Debug */,
				CAEF61C02AA9135E006BC778 /* Release */,
			);
			defaultConfigurationIsVisible = 0;
			defaultConfigurationName = Release;
		};
		CAEF61C12AA9135E006BC778 /* Build configuration list for PBXNativeTarget "CSCI6212_Project" */ = {
			isa = XCConfigurationList;
			buildConfigurations = (
				CAEF61C22AA9135E006BC778 /* Debug */,
				CAEF61C32AA9135E006BC778 /* Release */,
			);
			defaultConfigurationIsVisible = 0;
			defaultConfigurationName = Release;
		};
/* End XCConfigurationList section */
	};
	rootObject = CAEF61AB2AA9135D006BC778 /* Project object */;
}
